
Microsoft Visual Studio Solution File, Format Version 12.00
# Visual Studio 15
VisualStudioVersion = 15.0.27703.2047
MinimumVisualStudioVersion = 10.0.40219.1
Project("{F184B08F-C81C-45F6-A57F-5ABD9991F28F}") = "Digital Cost Center Management", "Digital Cost Center Management\Digital Cost Center Management.vbproj", "{5B034938-5F2C-40B5-A4CD-18F63EB7A80C}"
EndProject
Project("{54435603-DBB4-11D2-8724-00A0C9A8B90C}") = "DiComSetup", "DiComSetup\DiComSetup.vdproj", "{00C8C92E-6A0A-414B-9077-31469325FCB6}"
EndProject
Global
	GlobalSection(SolutionConfigurationPlatforms) = preSolution
		Debug|Any CPU = Debug|Any CPU
		Release|Any CPU = Release|Any CPU
	EndGlobalSection
	GlobalSection(ProjectConfigurationPlatforms) = postSolution
		{5B034938-5F2C-40B5-A4CD-18F63EB7A80C}.Debug|Any CPU.ActiveCfg = Debug|Any CPU
		{5B034938-5F2C-40B5-A4CD-18F63EB7A80C}.Debug|Any CPU.Build.0 = Debug|Any CPU
		{5B034938-5F2C-40B5-A4CD-18F63EB7A80C}.Release|Any CPU.ActiveCfg = Release|Any CPU
		{5B034938-5F2C-40B5-A4CD-18F63EB7A80C}.Release|Any CPU.Build.0 = Release|Any CPU
		{00C8C92E-6A0A-414B-9077-31469325FCB6}.Debug|Any CPU.ActiveCfg = Debug
		{00C8C92E-6A0A-414B-9077-31469325FCB6}.Release|Any CPU.ActiveCfg = Release
	EndGlobalSection
	GlobalSection(SolutionProperties) = preSolution
		HideSolutionNode = FALSE
	EndGlobalSection
	GlobalSection(ExtensibilityGlobals) = postSolution
		SolutionGuid = {C65CFCE5-CE18-4906-B8A4-C49A019B218F}
	EndGlobalSection
EndGlobal
